
Microsoft Visual Studio Solution File, Format Version 12.00
# Visual Studio Version 17
VisualStudioVersion = 17.2.32616.157
MinimumVisualStudioVersion = 10.0.40219.1
Project("{8BC9CEB8-8B4A-11D0-8D11-00A0C91BC942}") = "ExoLabyrintheChaine", "ExoLabyrintheChaine\ExoLabyrintheChaine.vcxproj", "{99C4E58D-8554-47ED-BB59-F94186914E41}"
EndProject
Project("{8BC9CEB8-8B4A-11D0-8D11-00A0C91BC942}") = "Labyrinthe", "Labyrinthe\Labyrinthe.vcxproj", "{CE42C200-C7E5-4B9F-8B7D-7FDE630DB4CA}"
EndProject
Project("{8BC9CEB8-8B4A-11D0-8D11-00A0C91BC942}") = "CorrectionLabyrinthe", "CorrectionLabyrinthe\CorrectionLabyrinthe.vcxproj", "{5600686F-EE5E-449D-B47C-59DAB915234B}"
EndProject
Project("{8BC9CEB8-8B4A-11D0-8D11-00A0C91BC942}") = "POOExo", "POOExo\POOExo.vcxproj", "{3FD7DEFF-E622-498D-BFA1-019160B8EFDE}"
EndProject
Project("{8BC9CEB8-8B4A-11D0-8D11-00A0C91BC942}") = "Poo2", "Poo2\Poo2.vcxproj", "{8127C645-FF02-4D81-98D3-04AEB8761C61}"
EndProject
Project("{8BC9CEB8-8B4A-11D0-8D11-00A0C91BC942}") = "Exo1PooVehicule", "Exo1PooVehicule\Exo1PooVehicule.vcxproj", "{10319CC9-2169-4ADD-A7E0-45845C60195E}"
EndProject
Project("{8BC9CEB8-8B4A-11D0-8D11-00A0C91BC942}") = "PooMiniExo", "PooMiniExo\PooMiniExo.vcxproj", "{6C4E903C-8A58-4EB4-85E4-98F35E5446CD}"
EndProject
Project("{8BC9CEB8-8B4A-11D0-8D11-00A0C91BC942}") = "PooTextIfstream", "PooTextIfstream\PooTextIfstream.vcxproj", "{0736D3B6-98FF-47F4-BC77-17430857328E}"
EndProject
Project("{8BC9CEB8-8B4A-11D0-8D11-00A0C91BC942}") = "RPGExo", "RPGExo\RPGExo.vcxproj", "{2C1D197A-A420-4657-B81E-78E149E08AB6}"
EndProject
Project("{8BC9CEB8-8B4A-11D0-8D11-00A0C91BC942}") = "LinkedListCorrection", "LinkedListCorrection\LinkedListCorrection.vcxproj", "{2207AB1B-1255-42CF-94FD-B143029F959C}"
EndProject
Project("{8BC9CEB8-8B4A-11D0-8D11-00A0C91BC942}") = "ListePoo", "ListePoo\ListePoo.vcxproj", "{1E85160D-2809-4097-BE3B-F0456ACD75B7}"
EndProject
Project("{8BC9CEB8-8B4A-11D0-8D11-00A0C91BC942}") = "CorrectionExoArray", "CorrectionExoArray\CorrectionExoArray.vcxproj", "{935EE8E0-C8E3-4497-83DE-1AC4C6C8677C}"
EndProject
Global
	GlobalSection(SolutionConfigurationPlatforms) = preSolution
		Debug|x64 = Debug|x64
		Debug|x86 = Debug|x86
		Release|x64 = Release|x64
		Release|x86 = Release|x86
	EndGlobalSection
	GlobalSection(ProjectConfigurationPlatforms) = postSolution
		{99C4E58D-8554-47ED-BB59-F94186914E41}.Debug|x64.ActiveCfg = Debug|x64
		{99C4E58D-8554-47ED-BB59-F94186914E41}.Debug|x64.Build.0 = Debug|x64
		{99C4E58D-8554-47ED-BB59-F94186914E41}.Debug|x86.ActiveCfg = Debug|Win32
		{99C4E58D-8554-47ED-BB59-F94186914E41}.Debug|x86.Build.0 = Debug|Win32
		{99C4E58D-8554-47ED-BB59-F94186914E41}.Release|x64.ActiveCfg = Release|x64
		{99C4E58D-8554-47ED-BB59-F94186914E41}.Release|x64.Build.0 = Release|x64
		{99C4E58D-8554-47ED-BB59-F94186914E41}.Release|x86.ActiveCfg = Release|Win32
		{99C4E58D-8554-47ED-BB59-F94186914E41}.Release|x86.Build.0 = Release|Win32
		{CE42C200-C7E5-4B9F-8B7D-7FDE630DB4CA}.Debug|x64.ActiveCfg = Debug|x64
		{CE42C200-C7E5-4B9F-8B7D-7FDE630DB4CA}.Debug|x64.Build.0 = Debug|x64
		{CE42C200-C7E5-4B9F-8B7D-7FDE630DB4CA}.Debug|x86.ActiveCfg = Debug|Win32
		{CE42C200-C7E5-4B9F-8B7D-7FDE630DB4CA}.Debug|x86.Build.0 = Debug|Win32
		{CE42C200-C7E5-4B9F-8B7D-7FDE630DB4CA}.Release|x64.ActiveCfg = Release|x64
		{CE42C200-C7E5-4B9F-8B7D-7FDE630DB4CA}.Release|x64.Build.0 = Release|x64
		{CE42C200-C7E5-4B9F-8B7D-7FDE630DB4CA}.Release|x86.ActiveCfg = Release|Win32
		{CE42C200-C7E5-4B9F-8B7D-7FDE630DB4CA}.Release|x86.Build.0 = Release|Win32
		{5600686F-EE5E-449D-B47C-59DAB915234B}.Debug|x64.ActiveCfg = Debug|x64
		{5600686F-EE5E-449D-B47C-59DAB915234B}.Debug|x64.Build.0 = Debug|x64
		{5600686F-EE5E-449D-B47C-59DAB915234B}.Debug|x86.ActiveCfg = Debug|Win32
		{5600686F-EE5E-449D-B47C-59DAB915234B}.Debug|x86.Build.0 = Debug|Win32
		{5600686F-EE5E-449D-B47C-59DAB915234B}.Release|x64.ActiveCfg = Release|x64
		{5600686F-EE5E-449D-B47C-59DAB915234B}.Release|x64.Build.0 = Release|x64
		{5600686F-EE5E-449D-B47C-59DAB915234B}.Release|x86.ActiveCfg = Release|Win32
		{5600686F-EE5E-449D-B47C-59DAB915234B}.Release|x86.Build.0 = Release|Win32
		{3FD7DEFF-E622-498D-BFA1-019160B8EFDE}.Debug|x64.ActiveCfg = Debug|x64
		{3FD7DEFF-E622-498D-BFA1-019160B8EFDE}.Debug|x64.Build.0 = Debug|x64
		{3FD7DEFF-E622-498D-BFA1-019160B8EFDE}.Debug|x86.ActiveCfg = Debug|Win32
		{3FD7DEFF-E622-498D-BFA1-019160B8EFDE}.Debug|x86.Build.0 = Debug|Win32
		{3FD7DEFF-E622-498D-BFA1-019160B8EFDE}.Release|x64.ActiveCfg = Release|x64
		{3FD7DEFF-E622-498D-BFA1-019160B8EFDE}.Release|x64.Build.0 = Release|x64
		{3FD7DEFF-E622-498D-BFA1-019160B8EFDE}.Release|x86.ActiveCfg = Release|Win32
		{3FD7DEFF-E622-498D-BFA1-019160B8EFDE}.Release|x86.Build.0 = Release|Win32
		{8127C645-FF02-4D81-98D3-04AEB8761C61}.Debug|x64.ActiveCfg = Debug|x64
		{8127C645-FF02-4D81-98D3-04AEB8761C61}.Debug|x64.Build.0 = Debug|x64
		{8127C645-FF02-4D81-98D3-04AEB8761C61}.Debug|x86.ActiveCfg = Debug|Win32
		{8127C645-FF02-4D81-98D3-04AEB8761C61}.Debug|x86.Build.0 = Debug|Win32
		{8127C645-FF02-4D81-98D3-04AEB8761C61}.Release|x64.ActiveCfg = Release|x64
		{8127C645-FF02-4D81-98D3-04AEB8761C61}.Release|x64.Build.0 = Release|x64
		{8127C645-FF02-4D81-98D3-04AEB8761C61}.Release|x86.ActiveCfg = Release|Win32
		{8127C645-FF02-4D81-98D3-04AEB8761C61}.Release|x86.Build.0 = Release|Win32
		{10319CC9-2169-4ADD-A7E0-45845C60195E}.Debug|x64.ActiveCfg = Debug|x64
		{10319CC9-2169-4ADD-A7E0-45845C60195E}.Debug|x64.Build.0 = Debug|x64
		{10319CC9-2169-4ADD-A7E0-45845C60195E}.Debug|x86.ActiveCfg = Debug|Win32
		{10319CC9-2169-4ADD-A7E0-45845C60195E}.Debug|x86.Build.0 = Debug|Win32
		{10319CC9-2169-4ADD-A7E0-45845C60195E}.Release|x64.ActiveCfg = Release|x64
		{10319CC9-2169-4ADD-A7E0-45845C60195E}.Release|x64.Build.0 = Release|x64
		{10319CC9-2169-4ADD-A7E0-45845C60195E}.Release|x86.ActiveCfg = Release|Win32
		{10319CC9-2169-4ADD-A7E0-45845C60195E}.Release|x86.Build.0 = Release|Win32
		{6C4E903C-8A58-4EB4-85E4-98F35E5446CD}.Debug|x64.ActiveCfg = Debug|x64
		{6C4E903C-8A58-4EB4-85E4-98F35E5446CD}.Debug|x64.Build.0 = Debug|x64
		{6C4E903C-8A58-4EB4-85E4-98F35E5446CD}.Debug|x86.ActiveCfg = Debug|Win32
		{6C4E903C-8A58-4EB4-85E4-98F35E5446CD}.Debug|x86.Build.0 = Debug|Win32
		{6C4E903C-8A58-4EB4-85E4-98F35E5446CD}.Release|x64.ActiveCfg = Release|x64
		{6C4E903C-8A58-4EB4-85E4-98F35E5446CD}.Release|x64.Build.0 = Release|x64
		{6C4E903C-8A58-4EB4-85E4-98F35E5446CD}.Release|x86.ActiveCfg = Release|Win32
		{6C4E903C-8A58-4EB4-85E4-98F35E5446CD}.Release|x86.Build.0 = Release|Win32
		{0736D3B6-98FF-47F4-BC77-17430857328E}.Debug|x64.ActiveCfg = Debug|x64
		{0736D3B6-98FF-47F4-BC77-17430857328E}.Debug|x64.Build.0 = Debug|x64
		{0736D3B6-98FF-47F4-BC77-17430857328E}.Debug|x86.ActiveCfg = Debug|Win32
		{0736D3B6-98FF-47F4-BC77-17430857328E}.Debug|x86.Build.0 = Debug|Win32
		{0736D3B6-98FF-47F4-BC77-17430857328E}.Release|x64.ActiveCfg = Release|x64
		{0736D3B6-98FF-47F4-BC77-17430857328E}.Release|x64.Build.0 = Release|x64
		{0736D3B6-98FF-47F4-BC77-17430857328E}.Release|x86.ActiveCfg = Release|Win32
		{0736D3B6-98FF-47F4-BC77-17430857328E}.Release|x86.Build.0 = Release|Win32
		{2C1D197A-A420-4657-B81E-78E149E08AB6}.Debug|x64.ActiveCfg = Debug|x64
		{2C1D197A-A420-4657-B81E-78E149E08AB6}.Debug|x64.Build.0 = Debug|x64
		{2C1D197A-A420-4657-B81E-78E149E08AB6}.Debug|x86.ActiveCfg = Debug|Win32
		{2C1D197A-A420-4657-B81E-78E149E08AB6}.Debug|x86.Build.0 = Debug|Win32
		{2C1D197A-A420-4657-B81E-78E149E08AB6}.Release|x64.ActiveCfg = Release|x64
		{2C1D197A-A420-4657-B81E-78E149E08AB6}.Release|x64.Build.0 = Release|x64
		{2C1D197A-A420-4657-B81E-78E149E08AB6}.Release|x86.ActiveCfg = Release|Win32
		{2C1D197A-A420-4657-B81E-78E149E08AB6}.Release|x86.Build.0 = Release|Win32
		{2207AB1B-1255-42CF-94FD-B143029F959C}.Debug|x64.ActiveCfg = Debug|x64
		{2207AB1B-1255-42CF-94FD-B143029F959C}.Debug|x64.Build.0 = Debug|x64
		{2207AB1B-1255-42CF-94FD-B143029F959C}.Debug|x86.ActiveCfg = Debug|Win32
		{2207AB1B-1255-42CF-94FD-B143029F959C}.Debug|x86.Build.0 = Debug|Win32
		{2207AB1B-1255-42CF-94FD-B143029F959C}.Release|x64.ActiveCfg = Release|x64
		{2207AB1B-1255-42CF-94FD-B143029F959C}.Release|x64.Build.0 = Release|x64
		{2207AB1B-1255-42CF-94FD-B143029F959C}.Release|x86.ActiveCfg = Release|Win32
		{2207AB1B-1255-42CF-94FD-B143029F959C}.Release|x86.Build.0 = Release|Win32
		{1E85160D-2809-4097-BE3B-F0456ACD75B7}.Debug|x64.ActiveCfg = Debug|x64
		{1E85160D-2809-4097-BE3B-F0456ACD75B7}.Debug|x64.Build.0 = Debug|x64
		{1E85160D-2809-4097-BE3B-F0456ACD75B7}.Debug|x86.ActiveCfg = Debug|Win32
		{1E85160D-2809-4097-BE3B-F0456ACD75B7}.Debug|x86.Build.0 = Debug|Win32
		{1E85160D-2809-4097-BE3B-F0456ACD75B7}.Release|x64.ActiveCfg = Release|x64
		{1E85160D-2809-4097-BE3B-F0456ACD75B7}.Release|x64.Build.0 = Release|x64
		{1E85160D-2809-4097-BE3B-F0456ACD75B7}.Release|x86.ActiveCfg = Release|Win32
		{1E85160D-2809-4097-BE3B-F0456ACD75B7}.Release|x86.Build.0 = Release|Win32
		{935EE8E0-C8E3-4497-83DE-1AC4C6C8677C}.Debug|x64.ActiveCfg = Debug|x64
		{935EE8E0-C8E3-4497-83DE-1AC4C6C8677C}.Debug|x64.Build.0 = Debug|x64
		{935EE8E0-C8E3-4497-83DE-1AC4C6C8677C}.Debug|x86.ActiveCfg = Debug|Win32
		{935EE8E0-C8E3-4497-83DE-1AC4C6C8677C}.Debug|x86.Build.0 = Debug|Win32
		{935EE8E0-C8E3-4497-83DE-1AC4C6C8677C}.Release|x64.ActiveCfg = Release|x64
		{935EE8E0-C8E3-4497-83DE-1AC4C6C8677C}.Release|x64.Build.0 = Release|x64
		{935EE8E0-C8E3-4497-83DE-1AC4C6C8677C}.Release|x86.ActiveCfg = Release|Win32
		{935EE8E0-C8E3-4497-83DE-1AC4C6C8677C}.Release|x86.Build.0 = Release|Win32
	EndGlobalSection
	GlobalSection(SolutionProperties) = preSolution
		HideSolutionNode = FALSE
	EndGlobalSection
	GlobalSection(ExtensibilityGlobals) = postSolution
		SolutionGuid = {63680184-AFEF-4E8D-A902-A395E6F8178C}
	EndGlobalSection
EndGlobal
