
Microsoft Visual Studio Solution File, Format Version 12.00
# Visual Studio Version 17
VisualStudioVersion = 17.2.32616.157
MinimumVisualStudioVersion = 10.0.40219.1
Project("{8BC9CEB8-8B4A-11D0-8D11-00A0C91BC942}") = "MyFirstProject", "MyFirstProject1\MyFirstProject1.vcxproj", "{0F822C52-6F8A-443A-8341-2F2670EF4E35}"
EndProject
Project("{8BC9CEB8-8B4A-11D0-8D11-00A0C91BC942}") = "Exo2", "Exo2\Exo2.vcxproj", "{1ED5DD76-B624-4991-876B-B6EBFD6B568C}"
EndProject
Project("{8BC9CEB8-8B4A-11D0-8D11-00A0C91BC942}") = "Presentation2", "Presentation2\Presentation2.vcxproj", "{5FCE4A48-8BDA-4DE4-A582-D3A7A4E736EC}"
EndProject
Project("{8BC9CEB8-8B4A-11D0-8D11-00A0C91BC942}") = "CorrectionPresentation2", "CorrectionPresentation2\CorrectionPresentation2.vcxproj", "{537D0AB2-AD7B-4E5C-82BD-08E0F04A052B}"
EndProject
Project("{8BC9CEB8-8B4A-11D0-8D11-00A0C91BC942}") = "MethodParameter", "MethodParameter\MethodParameter.vcxproj", "{310393E0-4244-4CDF-8AC7-12D13D38D005}"
EndProject
Project("{8BC9CEB8-8B4A-11D0-8D11-00A0C91BC942}") = "Exo3", "Exo3\Exo3.vcxproj", "{01895B3C-E846-440D-A0B3-F5FE551A3B0F}"
EndProject
Project("{8BC9CEB8-8B4A-11D0-8D11-00A0C91BC942}") = "CorrectionExo3", "CorrectionExo3\CorrectionExo3.vcxproj", "{5E94413C-C64F-4D9F-92D6-563C84291616}"
EndProject
Project("{8BC9CEB8-8B4A-11D0-8D11-00A0C91BC942}") = "Exo4Calculatrice", "Exo4Calculatrice\Exo4Calculatrice.vcxproj", "{EF0C8953-9106-42B6-9025-F298E44BC9E5}"
EndProject
Project("{8BC9CEB8-8B4A-11D0-8D11-00A0C91BC942}") = "CalculCorrection", "CalculCorrection\CalculCorrection.vcxproj", "{9BBAB468-505C-407A-8740-406D84EC295B}"
EndProject
Project("{8BC9CEB8-8B4A-11D0-8D11-00A0C91BC942}") = "VariableTemp", "VariableTemp\VariableTemp.vcxproj", "{3A2A601E-C254-44F7-B547-E7FA47018811}"
EndProject
Project("{8BC9CEB8-8B4A-11D0-8D11-00A0C91BC942}") = "Condition", "Condition\Condition.vcxproj", "{9B7C1E79-4F29-4653-8FC9-9B2011E501B9}"
EndProject
Project("{8BC9CEB8-8B4A-11D0-8D11-00A0C91BC942}") = "ExoCalculatriceCondition", "ExoCalculatriceCondition\ExoCalculatriceCondition.vcxproj", "{06B8AD13-FC10-40FD-85B4-ED231E48680E}"
EndProject
Project("{8BC9CEB8-8B4A-11D0-8D11-00A0C91BC942}") = "ExoCalculatriceConditionCorrection", "ExoCalculatriceConditionCorrection\ExoCalculatriceConditionCorrection.vcxproj", "{01274E41-A020-4AD0-8344-69AF6B85BFBC}"
EndProject
Project("{8BC9CEB8-8B4A-11D0-8D11-00A0C91BC942}") = "Bool", "Bool\Bool.vcxproj", "{49C1F1B1-D41A-4881-A657-6282233ACF05}"
EndProject
Project("{8BC9CEB8-8B4A-11D0-8D11-00A0C91BC942}") = "BoolCorrection", "BoolCorrection\BoolCorrection.vcxproj", "{F501290A-BAD3-4864-8B60-6440CD6DEF8C}"
EndProject
Project("{8BC9CEB8-8B4A-11D0-8D11-00A0C91BC942}") = "ExoConvertion", "ExoConvertion\ExoConvertion.vcxproj", "{27B28F42-D7BD-4BB7-B15F-A8CB30249E4F}"
EndProject
Project("{8BC9CEB8-8B4A-11D0-8D11-00A0C91BC942}") = "ExoConversionCorrection", "ExoConversionCorrection\ExoConversionCorrection.vcxproj", "{73DBFAAD-5D63-4E31-A45F-CDEF5DFE01D8}"
EndProject
Project("{8BC9CEB8-8B4A-11D0-8D11-00A0C91BC942}") = "ExoGroup", "ExoGroup\ExoGroup.vcxproj", "{61EA2085-3180-48D7-98F6-4087962DE6CA}"
EndProject
Project("{8BC9CEB8-8B4A-11D0-8D11-00A0C91BC942}") = "ExoGroupTest", "ExoGroupTest\ExoGroupTest.vcxproj", "{D595BFC4-A948-42FF-8BC5-265DB4DCE53E}"
EndProject
Project("{8BC9CEB8-8B4A-11D0-8D11-00A0C91BC942}") = "ExoGroupCorrection", "ExoGroupCorrection\ExoGroupCorrection.vcxproj", "{E07399F2-FF88-4C1A-B6F9-EC44A5C6DB14}"
EndProject
Global
	GlobalSection(SolutionConfigurationPlatforms) = preSolution
		Debug|x64 = Debug|x64
		Debug|x86 = Debug|x86
		Release|x64 = Release|x64
		Release|x86 = Release|x86
	EndGlobalSection
	GlobalSection(ProjectConfigurationPlatforms) = postSolution
		{0F822C52-6F8A-443A-8341-2F2670EF4E35}.Debug|x64.ActiveCfg = Debug|x64
		{0F822C52-6F8A-443A-8341-2F2670EF4E35}.Debug|x64.Build.0 = Debug|x64
		{0F822C52-6F8A-443A-8341-2F2670EF4E35}.Debug|x86.ActiveCfg = Debug|Win32
		{0F822C52-6F8A-443A-8341-2F2670EF4E35}.Debug|x86.Build.0 = Debug|Win32
		{0F822C52-6F8A-443A-8341-2F2670EF4E35}.Release|x64.ActiveCfg = Release|x64
		{0F822C52-6F8A-443A-8341-2F2670EF4E35}.Release|x64.Build.0 = Release|x64
		{0F822C52-6F8A-443A-8341-2F2670EF4E35}.Release|x86.ActiveCfg = Release|Win32
		{0F822C52-6F8A-443A-8341-2F2670EF4E35}.Release|x86.Build.0 = Release|Win32
		{1ED5DD76-B624-4991-876B-B6EBFD6B568C}.Debug|x64.ActiveCfg = Debug|x64
		{1ED5DD76-B624-4991-876B-B6EBFD6B568C}.Debug|x64.Build.0 = Debug|x64
		{1ED5DD76-B624-4991-876B-B6EBFD6B568C}.Debug|x86.ActiveCfg = Debug|Win32
		{1ED5DD76-B624-4991-876B-B6EBFD6B568C}.Debug|x86.Build.0 = Debug|Win32
		{1ED5DD76-B624-4991-876B-B6EBFD6B568C}.Release|x64.ActiveCfg = Release|x64
		{1ED5DD76-B624-4991-876B-B6EBFD6B568C}.Release|x64.Build.0 = Release|x64
		{1ED5DD76-B624-4991-876B-B6EBFD6B568C}.Release|x86.ActiveCfg = Release|Win32
		{1ED5DD76-B624-4991-876B-B6EBFD6B568C}.Release|x86.Build.0 = Release|Win32
		{5FCE4A48-8BDA-4DE4-A582-D3A7A4E736EC}.Debug|x64.ActiveCfg = Debug|x64
		{5FCE4A48-8BDA-4DE4-A582-D3A7A4E736EC}.Debug|x64.Build.0 = Debug|x64
		{5FCE4A48-8BDA-4DE4-A582-D3A7A4E736EC}.Debug|x86.ActiveCfg = Debug|Win32
		{5FCE4A48-8BDA-4DE4-A582-D3A7A4E736EC}.Debug|x86.Build.0 = Debug|Win32
		{5FCE4A48-8BDA-4DE4-A582-D3A7A4E736EC}.Release|x64.ActiveCfg = Release|x64
		{5FCE4A48-8BDA-4DE4-A582-D3A7A4E736EC}.Release|x64.Build.0 = Release|x64
		{5FCE4A48-8BDA-4DE4-A582-D3A7A4E736EC}.Release|x86.ActiveCfg = Release|Win32
		{5FCE4A48-8BDA-4DE4-A582-D3A7A4E736EC}.Release|x86.Build.0 = Release|Win32
		{537D0AB2-AD7B-4E5C-82BD-08E0F04A052B}.Debug|x64.ActiveCfg = Debug|x64
		{537D0AB2-AD7B-4E5C-82BD-08E0F04A052B}.Debug|x64.Build.0 = Debug|x64
		{537D0AB2-AD7B-4E5C-82BD-08E0F04A052B}.Debug|x86.ActiveCfg = Debug|Win32
		{537D0AB2-AD7B-4E5C-82BD-08E0F04A052B}.Debug|x86.Build.0 = Debug|Win32
		{537D0AB2-AD7B-4E5C-82BD-08E0F04A052B}.Release|x64.ActiveCfg = Release|x64
		{537D0AB2-AD7B-4E5C-82BD-08E0F04A052B}.Release|x64.Build.0 = Release|x64
		{537D0AB2-AD7B-4E5C-82BD-08E0F04A052B}.Release|x86.ActiveCfg = Release|Win32
		{537D0AB2-AD7B-4E5C-82BD-08E0F04A052B}.Release|x86.Build.0 = Release|Win32
		{310393E0-4244-4CDF-8AC7-12D13D38D005}.Debug|x64.ActiveCfg = Debug|x64
		{310393E0-4244-4CDF-8AC7-12D13D38D005}.Debug|x64.Build.0 = Debug|x64
		{310393E0-4244-4CDF-8AC7-12D13D38D005}.Debug|x86.ActiveCfg = Debug|Win32
		{310393E0-4244-4CDF-8AC7-12D13D38D005}.Debug|x86.Build.0 = Debug|Win32
		{310393E0-4244-4CDF-8AC7-12D13D38D005}.Release|x64.ActiveCfg = Release|x64
		{310393E0-4244-4CDF-8AC7-12D13D38D005}.Release|x64.Build.0 = Release|x64
		{310393E0-4244-4CDF-8AC7-12D13D38D005}.Release|x86.ActiveCfg = Release|Win32
		{310393E0-4244-4CDF-8AC7-12D13D38D005}.Release|x86.Build.0 = Release|Win32
		{01895B3C-E846-440D-A0B3-F5FE551A3B0F}.Debug|x64.ActiveCfg = Debug|x64
		{01895B3C-E846-440D-A0B3-F5FE551A3B0F}.Debug|x64.Build.0 = Debug|x64
		{01895B3C-E846-440D-A0B3-F5FE551A3B0F}.Debug|x86.ActiveCfg = Debug|Win32
		{01895B3C-E846-440D-A0B3-F5FE551A3B0F}.Debug|x86.Build.0 = Debug|Win32
		{01895B3C-E846-440D-A0B3-F5FE551A3B0F}.Release|x64.ActiveCfg = Release|x64
		{01895B3C-E846-440D-A0B3-F5FE551A3B0F}.Release|x64.Build.0 = Release|x64
		{01895B3C-E846-440D-A0B3-F5FE551A3B0F}.Release|x86.ActiveCfg = Release|Win32
		{01895B3C-E846-440D-A0B3-F5FE551A3B0F}.Release|x86.Build.0 = Release|Win32
		{5E94413C-C64F-4D9F-92D6-563C84291616}.Debug|x64.ActiveCfg = Debug|x64
		{5E94413C-C64F-4D9F-92D6-563C84291616}.Debug|x64.Build.0 = Debug|x64
		{5E94413C-C64F-4D9F-92D6-563C84291616}.Debug|x86.ActiveCfg = Debug|Win32
		{5E94413C-C64F-4D9F-92D6-563C84291616}.Debug|x86.Build.0 = Debug|Win32
		{5E94413C-C64F-4D9F-92D6-563C84291616}.Release|x64.ActiveCfg = Release|x64
		{5E94413C-C64F-4D9F-92D6-563C84291616}.Release|x64.Build.0 = Release|x64
		{5E94413C-C64F-4D9F-92D6-563C84291616}.Release|x86.ActiveCfg = Release|Win32
		{5E94413C-C64F-4D9F-92D6-563C84291616}.Release|x86.Build.0 = Release|Win32
		{EF0C8953-9106-42B6-9025-F298E44BC9E5}.Debug|x64.ActiveCfg = Debug|x64
		{EF0C8953-9106-42B6-9025-F298E44BC9E5}.Debug|x64.Build.0 = Debug|x64
		{EF0C8953-9106-42B6-9025-F298E44BC9E5}.Debug|x86.ActiveCfg = Debug|Win32
		{EF0C8953-9106-42B6-9025-F298E44BC9E5}.Debug|x86.Build.0 = Debug|Win32
		{EF0C8953-9106-42B6-9025-F298E44BC9E5}.Release|x64.ActiveCfg = Release|x64
		{EF0C8953-9106-42B6-9025-F298E44BC9E5}.Release|x64.Build.0 = Release|x64
		{EF0C8953-9106-42B6-9025-F298E44BC9E5}.Release|x86.ActiveCfg = Release|Win32
		{EF0C8953-9106-42B6-9025-F298E44BC9E5}.Release|x86.Build.0 = Release|Win32
		{9BBAB468-505C-407A-8740-406D84EC295B}.Debug|x64.ActiveCfg = Debug|x64
		{9BBAB468-505C-407A-8740-406D84EC295B}.Debug|x64.Build.0 = Debug|x64
		{9BBAB468-505C-407A-8740-406D84EC295B}.Debug|x86.ActiveCfg = Debug|Win32
		{9BBAB468-505C-407A-8740-406D84EC295B}.Debug|x86.Build.0 = Debug|Win32
		{9BBAB468-505C-407A-8740-406D84EC295B}.Release|x64.ActiveCfg = Release|x64
		{9BBAB468-505C-407A-8740-406D84EC295B}.Release|x64.Build.0 = Release|x64
		{9BBAB468-505C-407A-8740-406D84EC295B}.Release|x86.ActiveCfg = Release|Win32
		{9BBAB468-505C-407A-8740-406D84EC295B}.Release|x86.Build.0 = Release|Win32
		{3A2A601E-C254-44F7-B547-E7FA47018811}.Debug|x64.ActiveCfg = Debug|x64
		{3A2A601E-C254-44F7-B547-E7FA47018811}.Debug|x64.Build.0 = Debug|x64
		{3A2A601E-C254-44F7-B547-E7FA47018811}.Debug|x86.ActiveCfg = Debug|Win32
		{3A2A601E-C254-44F7-B547-E7FA47018811}.Debug|x86.Build.0 = Debug|Win32
		{3A2A601E-C254-44F7-B547-E7FA47018811}.Release|x64.ActiveCfg = Release|x64
		{3A2A601E-C254-44F7-B547-E7FA47018811}.Release|x64.Build.0 = Release|x64
		{3A2A601E-C254-44F7-B547-E7FA47018811}.Release|x86.ActiveCfg = Release|Win32
		{3A2A601E-C254-44F7-B547-E7FA47018811}.Release|x86.Build.0 = Release|Win32
		{9B7C1E79-4F29-4653-8FC9-9B2011E501B9}.Debug|x64.ActiveCfg = Debug|x64
		{9B7C1E79-4F29-4653-8FC9-9B2011E501B9}.Debug|x64.Build.0 = Debug|x64
		{9B7C1E79-4F29-4653-8FC9-9B2011E501B9}.Debug|x86.ActiveCfg = Debug|Win32
		{9B7C1E79-4F29-4653-8FC9-9B2011E501B9}.Debug|x86.Build.0 = Debug|Win32
		{9B7C1E79-4F29-4653-8FC9-9B2011E501B9}.Release|x64.ActiveCfg = Release|x64
		{9B7C1E79-4F29-4653-8FC9-9B2011E501B9}.Release|x64.Build.0 = Release|x64
		{9B7C1E79-4F29-4653-8FC9-9B2011E501B9}.Release|x86.ActiveCfg = Release|Win32
		{9B7C1E79-4F29-4653-8FC9-9B2011E501B9}.Release|x86.Build.0 = Release|Win32
		{06B8AD13-FC10-40FD-85B4-ED231E48680E}.Debug|x64.ActiveCfg = Debug|x64
		{06B8AD13-FC10-40FD-85B4-ED231E48680E}.Debug|x64.Build.0 = Debug|x64
		{06B8AD13-FC10-40FD-85B4-ED231E48680E}.Debug|x86.ActiveCfg = Debug|Win32
		{06B8AD13-FC10-40FD-85B4-ED231E48680E}.Debug|x86.Build.0 = Debug|Win32
		{06B8AD13-FC10-40FD-85B4-ED231E48680E}.Release|x64.ActiveCfg = Release|x64
		{06B8AD13-FC10-40FD-85B4-ED231E48680E}.Release|x64.Build.0 = Release|x64
		{06B8AD13-FC10-40FD-85B4-ED231E48680E}.Release|x86.ActiveCfg = Release|Win32
		{06B8AD13-FC10-40FD-85B4-ED231E48680E}.Release|x86.Build.0 = Release|Win32
		{01274E41-A020-4AD0-8344-69AF6B85BFBC}.Debug|x64.ActiveCfg = Debug|x64
		{01274E41-A020-4AD0-8344-69AF6B85BFBC}.Debug|x64.Build.0 = Debug|x64
		{01274E41-A020-4AD0-8344-69AF6B85BFBC}.Debug|x86.ActiveCfg = Debug|Win32
		{01274E41-A020-4AD0-8344-69AF6B85BFBC}.Debug|x86.Build.0 = Debug|Win32
		{01274E41-A020-4AD0-8344-69AF6B85BFBC}.Release|x64.ActiveCfg = Release|x64
		{01274E41-A020-4AD0-8344-69AF6B85BFBC}.Release|x64.Build.0 = Release|x64
		{01274E41-A020-4AD0-8344-69AF6B85BFBC}.Release|x86.ActiveCfg = Release|Win32
		{01274E41-A020-4AD0-8344-69AF6B85BFBC}.Release|x86.Build.0 = Release|Win32
		{49C1F1B1-D41A-4881-A657-6282233ACF05}.Debug|x64.ActiveCfg = Debug|x64
		{49C1F1B1-D41A-4881-A657-6282233ACF05}.Debug|x64.Build.0 = Debug|x64
		{49C1F1B1-D41A-4881-A657-6282233ACF05}.Debug|x86.ActiveCfg = Debug|Win32
		{49C1F1B1-D41A-4881-A657-6282233ACF05}.Debug|x86.Build.0 = Debug|Win32
		{49C1F1B1-D41A-4881-A657-6282233ACF05}.Release|x64.ActiveCfg = Release|x64
		{49C1F1B1-D41A-4881-A657-6282233ACF05}.Release|x64.Build.0 = Release|x64
		{49C1F1B1-D41A-4881-A657-6282233ACF05}.Release|x86.ActiveCfg = Release|Win32
		{49C1F1B1-D41A-4881-A657-6282233ACF05}.Release|x86.Build.0 = Release|Win32
		{F501290A-BAD3-4864-8B60-6440CD6DEF8C}.Debug|x64.ActiveCfg = Debug|x64
		{F501290A-BAD3-4864-8B60-6440CD6DEF8C}.Debug|x64.Build.0 = Debug|x64
		{F501290A-BAD3-4864-8B60-6440CD6DEF8C}.Debug|x86.ActiveCfg = Debug|Win32
		{F501290A-BAD3-4864-8B60-6440CD6DEF8C}.Debug|x86.Build.0 = Debug|Win32
		{F501290A-BAD3-4864-8B60-6440CD6DEF8C}.Release|x64.ActiveCfg = Release|x64
		{F501290A-BAD3-4864-8B60-6440CD6DEF8C}.Release|x64.Build.0 = Release|x64
		{F501290A-BAD3-4864-8B60-6440CD6DEF8C}.Release|x86.ActiveCfg = Release|Win32
		{F501290A-BAD3-4864-8B60-6440CD6DEF8C}.Release|x86.Build.0 = Release|Win32
		{27B28F42-D7BD-4BB7-B15F-A8CB30249E4F}.Debug|x64.ActiveCfg = Debug|x64
		{27B28F42-D7BD-4BB7-B15F-A8CB30249E4F}.Debug|x64.Build.0 = Debug|x64
		{27B28F42-D7BD-4BB7-B15F-A8CB30249E4F}.Debug|x86.ActiveCfg = Debug|Win32
		{27B28F42-D7BD-4BB7-B15F-A8CB30249E4F}.Debug|x86.Build.0 = Debug|Win32
		{27B28F42-D7BD-4BB7-B15F-A8CB30249E4F}.Release|x64.ActiveCfg = Release|x64
		{27B28F42-D7BD-4BB7-B15F-A8CB30249E4F}.Release|x64.Build.0 = Release|x64
		{27B28F42-D7BD-4BB7-B15F-A8CB30249E4F}.Release|x86.ActiveCfg = Release|Win32
		{27B28F42-D7BD-4BB7-B15F-A8CB30249E4F}.Release|x86.Build.0 = Release|Win32
		{73DBFAAD-5D63-4E31-A45F-CDEF5DFE01D8}.Debug|x64.ActiveCfg = Debug|x64
		{73DBFAAD-5D63-4E31-A45F-CDEF5DFE01D8}.Debug|x64.Build.0 = Debug|x64
		{73DBFAAD-5D63-4E31-A45F-CDEF5DFE01D8}.Debug|x86.ActiveCfg = Debug|Win32
		{73DBFAAD-5D63-4E31-A45F-CDEF5DFE01D8}.Debug|x86.Build.0 = Debug|Win32
		{73DBFAAD-5D63-4E31-A45F-CDEF5DFE01D8}.Release|x64.ActiveCfg = Release|x64
		{73DBFAAD-5D63-4E31-A45F-CDEF5DFE01D8}.Release|x64.Build.0 = Release|x64
		{73DBFAAD-5D63-4E31-A45F-CDEF5DFE01D8}.Release|x86.ActiveCfg = Release|Win32
		{73DBFAAD-5D63-4E31-A45F-CDEF5DFE01D8}.Release|x86.Build.0 = Release|Win32
		{61EA2085-3180-48D7-98F6-4087962DE6CA}.Debug|x64.ActiveCfg = Debug|x64
		{61EA2085-3180-48D7-98F6-4087962DE6CA}.Debug|x64.Build.0 = Debug|x64
		{61EA2085-3180-48D7-98F6-4087962DE6CA}.Debug|x86.ActiveCfg = Debug|Win32
		{61EA2085-3180-48D7-98F6-4087962DE6CA}.Debug|x86.Build.0 = Debug|Win32
		{61EA2085-3180-48D7-98F6-4087962DE6CA}.Release|x64.ActiveCfg = Release|x64
		{61EA2085-3180-48D7-98F6-4087962DE6CA}.Release|x64.Build.0 = Release|x64
		{61EA2085-3180-48D7-98F6-4087962DE6CA}.Release|x86.ActiveCfg = Release|Win32
		{61EA2085-3180-48D7-98F6-4087962DE6CA}.Release|x86.Build.0 = Release|Win32
		{D595BFC4-A948-42FF-8BC5-265DB4DCE53E}.Debug|x64.ActiveCfg = Debug|x64
		{D595BFC4-A948-42FF-8BC5-265DB4DCE53E}.Debug|x64.Build.0 = Debug|x64
		{D595BFC4-A948-42FF-8BC5-265DB4DCE53E}.Debug|x86.ActiveCfg = Debug|Win32
		{D595BFC4-A948-42FF-8BC5-265DB4DCE53E}.Debug|x86.Build.0 = Debug|Win32
		{D595BFC4-A948-42FF-8BC5-265DB4DCE53E}.Release|x64.ActiveCfg = Release|x64
		{D595BFC4-A948-42FF-8BC5-265DB4DCE53E}.Release|x64.Build.0 = Release|x64
		{D595BFC4-A948-42FF-8BC5-265DB4DCE53E}.Release|x86.ActiveCfg = Release|Win32
		{D595BFC4-A948-42FF-8BC5-265DB4DCE53E}.Release|x86.Build.0 = Release|Win32
		{E07399F2-FF88-4C1A-B6F9-EC44A5C6DB14}.Debug|x64.ActiveCfg = Debug|x64
		{E07399F2-FF88-4C1A-B6F9-EC44A5C6DB14}.Debug|x64.Build.0 = Debug|x64
		{E07399F2-FF88-4C1A-B6F9-EC44A5C6DB14}.Debug|x86.ActiveCfg = Debug|Win32
		{E07399F2-FF88-4C1A-B6F9-EC44A5C6DB14}.Debug|x86.Build.0 = Debug|Win32
		{E07399F2-FF88-4C1A-B6F9-EC44A5C6DB14}.Release|x64.ActiveCfg = Release|x64
		{E07399F2-FF88-4C1A-B6F9-EC44A5C6DB14}.Release|x64.Build.0 = Release|x64
		{E07399F2-FF88-4C1A-B6F9-EC44A5C6DB14}.Release|x86.ActiveCfg = Release|Win32
		{E07399F2-FF88-4C1A-B6F9-EC44A5C6DB14}.Release|x86.Build.0 = Release|Win32
	EndGlobalSection
	GlobalSection(SolutionProperties) = preSolution
		HideSolutionNode = FALSE
	EndGlobalSection
	GlobalSection(ExtensibilityGlobals) = postSolution
		SolutionGuid = {0F96A3C3-33CF-4EA7-B69B-A18A07186C38}
	EndGlobalSection
EndGlobal
